
Microsoft Visual Studio Solution File, Format Version 12.00
# Visual Studio Version 16
VisualStudioVersion = 16.0.28803.202
MinimumVisualStudioVersion = 10.0.40219.1
Project("{FAE04EC0-301F-11D3-BF4B-00C04F79EFBC}") = "DBApp", "DBApp\DBApp.csproj", "{79840B3D-4450-42DF-9570-EE42DCB5F995}"
EndProject
Project("{9A19103F-16F7-4668-BE54-9A1E7A4F7556}") = "AnthemBuilderLibrary", "AnthemBuilderLibrary\AnthemBuilderLibrary.csproj", "{16662B63-4A28-4BF4-A518-B41F5249268B}"
EndProject
Project("{FAE04EC0-301F-11D3-BF4B-00C04F79EFBC}") = "InfoServer", "InfoServer\InfoServer.csproj", "{C9F49B9B-0627-4309-AF1D-7C04F6B831D2}"
EndProject
Global
	GlobalSection(SolutionConfigurationPlatforms) = preSolution
		Debug|Any CPU = Debug|Any CPU
		Release|Any CPU = Release|Any CPU
	EndGlobalSection
	GlobalSection(ProjectConfigurationPlatforms) = postSolution
		{79840B3D-4450-42DF-9570-EE42DCB5F995}.Debug|Any CPU.ActiveCfg = Debug|Any CPU
		{79840B3D-4450-42DF-9570-EE42DCB5F995}.Debug|Any CPU.Build.0 = Debug|Any CPU
		{79840B3D-4450-42DF-9570-EE42DCB5F995}.Release|Any CPU.ActiveCfg = Release|Any CPU
		{79840B3D-4450-42DF-9570-EE42DCB5F995}.Release|Any CPU.Build.0 = Release|Any CPU
		{16662B63-4A28-4BF4-A518-B41F5249268B}.Debug|Any CPU.ActiveCfg = Debug|Any CPU
		{16662B63-4A28-4BF4-A518-B41F5249268B}.Debug|Any CPU.Build.0 = Debug|Any CPU
		{16662B63-4A28-4BF4-A518-B41F5249268B}.Release|Any CPU.ActiveCfg = Release|Any CPU
		{16662B63-4A28-4BF4-A518-B41F5249268B}.Release|Any CPU.Build.0 = Release|Any CPU
		{C9F49B9B-0627-4309-AF1D-7C04F6B831D2}.Debug|Any CPU.ActiveCfg = Debug|Any CPU
		{C9F49B9B-0627-4309-AF1D-7C04F6B831D2}.Debug|Any CPU.Build.0 = Debug|Any CPU
		{C9F49B9B-0627-4309-AF1D-7C04F6B831D2}.Release|Any CPU.ActiveCfg = Release|Any CPU
		{C9F49B9B-0627-4309-AF1D-7C04F6B831D2}.Release|Any CPU.Build.0 = Release|Any CPU
	EndGlobalSection
	GlobalSection(SolutionProperties) = preSolution
		HideSolutionNode = FALSE
	EndGlobalSection
	GlobalSection(ExtensibilityGlobals) = postSolution
		SolutionGuid = {89384D94-62DC-4551-A64B-FAE5D4A03FBE}
	EndGlobalSection
EndGlobal
